
Microsoft Visual Studio Solution File, Format Version 12.00
Project("{FAE04EC0-301F-11D3-BF4B-00C04F79EFBC}") = "dotnetty-feature", "dotnetty-feature\dotnetty-feature.csproj", "{2148A727-9AA9-435B-A078-791139B6313F}"
EndProject
Project("{FAE04EC0-301F-11D3-BF4B-00C04F79EFBC}") = "dotnetty-server", "dotnetty-server\dotnetty-server.csproj", "{B344EF12-BDF9-44F5-838D-90A96347B6A3}"
EndProject
Project("{FAE04EC0-301F-11D3-BF4B-00C04F79EFBC}") = "dotnetty-echo", "dotnetty-echo\dotnetty-echo.csproj", "{5FA7114E-9913-4A18-B30D-E91DCEDD0D51}"
EndProject
Project("{2150E333-8FDC-42A3-9474-1A3956D46DE8}") = "GK", "GK", "{5ABD8C23-5DAC-41AC-8612-D29CFD899B3F}"
EndProject
Project("{FAE04EC0-301F-11D3-BF4B-00C04F79EFBC}") = "gk-client", "gk-client\gk-client.csproj", "{55CB04C8-E03A-40ED-B781-3801C9503597}"
EndProject
Project("{FAE04EC0-301F-11D3-BF4B-00C04F79EFBC}") = "gk-server", "gk-server\gk-server.csproj", "{CCFD3459-1D2F-4805-825A-8F1E7B1E0616}"
EndProject
Project("{FAE04EC0-301F-11D3-BF4B-00C04F79EFBC}") = "gk-common", "gk-common\gk-common.csproj", "{88BB197D-44DA-442D-82E7-4FDCC9A09A65}"
EndProject
Project("{FAE04EC0-301F-11D3-BF4B-00C04F79EFBC}") = "gk-test", "gk-test\gk-test.csproj", "{6E653770-3955-499D-A7BF-DE11B1A4D328}"
EndProject
Project("{FAE04EC0-301F-11D3-BF4B-00C04F79EFBC}") = "gk-unit-test", "gk-unit-test\gk-unit-test.csproj", "{74D1F1BB-2031-4A0A-91CE-9053DE424931}"
EndProject
Global
	GlobalSection(SolutionConfigurationPlatforms) = preSolution
		Debug|Any CPU = Debug|Any CPU
		Release|Any CPU = Release|Any CPU
	EndGlobalSection
	GlobalSection(ProjectConfigurationPlatforms) = postSolution
		{2148A727-9AA9-435B-A078-791139B6313F}.Debug|Any CPU.ActiveCfg = Debug|Any CPU
		{2148A727-9AA9-435B-A078-791139B6313F}.Debug|Any CPU.Build.0 = Debug|Any CPU
		{2148A727-9AA9-435B-A078-791139B6313F}.Release|Any CPU.ActiveCfg = Release|Any CPU
		{2148A727-9AA9-435B-A078-791139B6313F}.Release|Any CPU.Build.0 = Release|Any CPU
		{B344EF12-BDF9-44F5-838D-90A96347B6A3}.Debug|Any CPU.ActiveCfg = Debug|Any CPU
		{B344EF12-BDF9-44F5-838D-90A96347B6A3}.Debug|Any CPU.Build.0 = Debug|Any CPU
		{B344EF12-BDF9-44F5-838D-90A96347B6A3}.Release|Any CPU.ActiveCfg = Release|Any CPU
		{B344EF12-BDF9-44F5-838D-90A96347B6A3}.Release|Any CPU.Build.0 = Release|Any CPU
		{5FA7114E-9913-4A18-B30D-E91DCEDD0D51}.Debug|Any CPU.ActiveCfg = Debug|Any CPU
		{5FA7114E-9913-4A18-B30D-E91DCEDD0D51}.Debug|Any CPU.Build.0 = Debug|Any CPU
		{5FA7114E-9913-4A18-B30D-E91DCEDD0D51}.Release|Any CPU.ActiveCfg = Release|Any CPU
		{5FA7114E-9913-4A18-B30D-E91DCEDD0D51}.Release|Any CPU.Build.0 = Release|Any CPU
		{55CB04C8-E03A-40ED-B781-3801C9503597}.Debug|Any CPU.ActiveCfg = Debug|Any CPU
		{55CB04C8-E03A-40ED-B781-3801C9503597}.Debug|Any CPU.Build.0 = Debug|Any CPU
		{55CB04C8-E03A-40ED-B781-3801C9503597}.Release|Any CPU.ActiveCfg = Release|Any CPU
		{55CB04C8-E03A-40ED-B781-3801C9503597}.Release|Any CPU.Build.0 = Release|Any CPU
		{CCFD3459-1D2F-4805-825A-8F1E7B1E0616}.Debug|Any CPU.ActiveCfg = Debug|Any CPU
		{CCFD3459-1D2F-4805-825A-8F1E7B1E0616}.Debug|Any CPU.Build.0 = Debug|Any CPU
		{CCFD3459-1D2F-4805-825A-8F1E7B1E0616}.Release|Any CPU.ActiveCfg = Release|Any CPU
		{CCFD3459-1D2F-4805-825A-8F1E7B1E0616}.Release|Any CPU.Build.0 = Release|Any CPU
		{88BB197D-44DA-442D-82E7-4FDCC9A09A65}.Debug|Any CPU.ActiveCfg = Debug|Any CPU
		{88BB197D-44DA-442D-82E7-4FDCC9A09A65}.Debug|Any CPU.Build.0 = Debug|Any CPU
		{88BB197D-44DA-442D-82E7-4FDCC9A09A65}.Release|Any CPU.ActiveCfg = Release|Any CPU
		{88BB197D-44DA-442D-82E7-4FDCC9A09A65}.Release|Any CPU.Build.0 = Release|Any CPU
		{6E653770-3955-499D-A7BF-DE11B1A4D328}.Debug|Any CPU.ActiveCfg = Debug|Any CPU
		{6E653770-3955-499D-A7BF-DE11B1A4D328}.Debug|Any CPU.Build.0 = Debug|Any CPU
		{6E653770-3955-499D-A7BF-DE11B1A4D328}.Release|Any CPU.ActiveCfg = Release|Any CPU
		{6E653770-3955-499D-A7BF-DE11B1A4D328}.Release|Any CPU.Build.0 = Release|Any CPU
		{74D1F1BB-2031-4A0A-91CE-9053DE424931}.Debug|Any CPU.ActiveCfg = Debug|Any CPU
		{74D1F1BB-2031-4A0A-91CE-9053DE424931}.Debug|Any CPU.Build.0 = Debug|Any CPU
		{74D1F1BB-2031-4A0A-91CE-9053DE424931}.Release|Any CPU.ActiveCfg = Release|Any CPU
		{74D1F1BB-2031-4A0A-91CE-9053DE424931}.Release|Any CPU.Build.0 = Release|Any CPU
	EndGlobalSection
	GlobalSection(NestedProjects) = preSolution
		{55CB04C8-E03A-40ED-B781-3801C9503597} = {5ABD8C23-5DAC-41AC-8612-D29CFD899B3F}
		{CCFD3459-1D2F-4805-825A-8F1E7B1E0616} = {5ABD8C23-5DAC-41AC-8612-D29CFD899B3F}
		{88BB197D-44DA-442D-82E7-4FDCC9A09A65} = {5ABD8C23-5DAC-41AC-8612-D29CFD899B3F}
		{6E653770-3955-499D-A7BF-DE11B1A4D328} = {5ABD8C23-5DAC-41AC-8612-D29CFD899B3F}
		{74D1F1BB-2031-4A0A-91CE-9053DE424931} = {5ABD8C23-5DAC-41AC-8612-D29CFD899B3F}
	EndGlobalSection
EndGlobal
