
Microsoft Visual Studio Solution File, Format Version 12.00
Project("{FAE04EC0-301F-11D3-BF4B-00C04F79EFBC}") = "dotnetty-feature", "dotnetty-feature\dotnetty-feature.csproj", "{2148A727-9AA9-435B-A078-791139B6313F}"
EndProject
Project("{FAE04EC0-301F-11D3-BF4B-00C04F79EFBC}") = "dotnetty-server", "dotnetty-server\dotnetty-server.csproj", "{B344EF12-BDF9-44F5-838D-90A96347B6A3}"
EndProject
Project("{FAE04EC0-301F-11D3-BF4B-00C04F79EFBC}") = "dotnetty-echo", "dotnetty-echo\dotnetty-echo.csproj", "{5FA7114E-9913-4A18-B30D-E91DCEDD0D51}"
EndProject
Project("{2150E333-8FDC-42A3-9474-1A3956D46DE8}") = "GK", "GK", "{5ABD8C23-5DAC-41AC-8612-D29CFD899B3F}"
EndProject
Project("{FAE04EC0-301F-11D3-BF4B-00C04F79EFBC}") = "gk-client", "gk-client\gk-client.csproj", "{55CB04C8-E03A-40ED-B781-3801C9503597}"
EndProject
Project("{FAE04EC0-301F-11D3-BF4B-00C04F79EFBC}") = "gk-server", "gk-server\gk-server.csproj", "{CCFD3459-1D2F-4805-825A-8F1E7B1E0616}"
EndProject
Project("{FAE04EC0-301F-11D3-BF4B-00C04F79EFBC}") = "gk-common", "gk-common\gk-common.csproj", "{88BB197D-44DA-442D-82E7-4FDCC9A09A65}"
EndProject
Project("{FAE04EC0-301F-11D3-BF4B-00C04F79EFBC}") = "gk-test", "gk-test\gk-test.csproj", "{6E653770-3955-499D-A7BF-DE11B1A4D328}"
EndProject
Project("{FAE04EC0-301F-11D3-BF4B-00C04F79EFBC}") = "gk-unit-test", "gk-unit-test\gk-unit-test.csproj", "{74D1F1BB-2031-4A0A-91CE-9053DE424931}"
EndProject
Project("{FAE04EC0-301F-11D3-BF4B-00C04F79EFBC}") = "gk-udp-client", "gk-udp-client\gk-udp-client.csproj", "{8F503AE5-F0AA-4FE1-9093-98FD301DAD56}"
EndProject
Project("{FAE04EC0-301F-11D3-BF4B-00C04F79EFBC}") = "gk-udp-server", "gk-udp-server\gk-udp-server.csproj", "{743ACE78-48F7-4901-ADF8-B8BD12D7252D}"
EndProject
Project("{2150E333-8FDC-42A3-9474-1A3956D46DE8}") = "Mina", "Mina", "{A976D4BF-CAC9-4DDD-9B50-3F8E458D5E28}"
EndProject
Project("{FAE04EC0-301F-11D3-BF4B-00C04F79EFBC}") = "mina-echo-server", "mina-echo-server\mina-echo-server.csproj", "{3FA75CDF-54C0-4CCE-9406-059E48EE8CE7}"
EndProject
Project("{FAE04EC0-301F-11D3-BF4B-00C04F79EFBC}") = "mina-echo-client", "mina-echo-client\mina-echo-client.csproj", "{5D307C73-7A93-4DC3-8429-351EAA54EC5C}"
EndProject
Project("{2150E333-8FDC-42A3-9474-1A3956D46DE8}") = "TCP", "TCP", "{10D15825-8858-471E-BBD9-1DD5B5C1AEBF}"
EndProject
Project("{FAE04EC0-301F-11D3-BF4B-00C04F79EFBC}") = "newlife-tcp", "newlife-tcp\newlife-tcp.csproj", "{CB841EA4-D201-4EA3-9902-1492AE003E3C}"
EndProject
Global
	GlobalSection(SolutionConfigurationPlatforms) = preSolution
		Debug|Any CPU = Debug|Any CPU
		Release|Any CPU = Release|Any CPU
	EndGlobalSection
	GlobalSection(ProjectConfigurationPlatforms) = postSolution
		{2148A727-9AA9-435B-A078-791139B6313F}.Debug|Any CPU.ActiveCfg = Debug|Any CPU
		{2148A727-9AA9-435B-A078-791139B6313F}.Debug|Any CPU.Build.0 = Debug|Any CPU
		{2148A727-9AA9-435B-A078-791139B6313F}.Release|Any CPU.ActiveCfg = Release|Any CPU
		{2148A727-9AA9-435B-A078-791139B6313F}.Release|Any CPU.Build.0 = Release|Any CPU
		{B344EF12-BDF9-44F5-838D-90A96347B6A3}.Debug|Any CPU.ActiveCfg = Debug|Any CPU
		{B344EF12-BDF9-44F5-838D-90A96347B6A3}.Debug|Any CPU.Build.0 = Debug|Any CPU
		{B344EF12-BDF9-44F5-838D-90A96347B6A3}.Release|Any CPU.ActiveCfg = Release|Any CPU
		{B344EF12-BDF9-44F5-838D-90A96347B6A3}.Release|Any CPU.Build.0 = Release|Any CPU
		{5FA7114E-9913-4A18-B30D-E91DCEDD0D51}.Debug|Any CPU.ActiveCfg = Debug|Any CPU
		{5FA7114E-9913-4A18-B30D-E91DCEDD0D51}.Debug|Any CPU.Build.0 = Debug|Any CPU
		{5FA7114E-9913-4A18-B30D-E91DCEDD0D51}.Release|Any CPU.ActiveCfg = Release|Any CPU
		{5FA7114E-9913-4A18-B30D-E91DCEDD0D51}.Release|Any CPU.Build.0 = Release|Any CPU
		{55CB04C8-E03A-40ED-B781-3801C9503597}.Debug|Any CPU.ActiveCfg = Debug|Any CPU
		{55CB04C8-E03A-40ED-B781-3801C9503597}.Debug|Any CPU.Build.0 = Debug|Any CPU
		{55CB04C8-E03A-40ED-B781-3801C9503597}.Release|Any CPU.ActiveCfg = Release|Any CPU
		{55CB04C8-E03A-40ED-B781-3801C9503597}.Release|Any CPU.Build.0 = Release|Any CPU
		{CCFD3459-1D2F-4805-825A-8F1E7B1E0616}.Debug|Any CPU.ActiveCfg = Debug|Any CPU
		{CCFD3459-1D2F-4805-825A-8F1E7B1E0616}.Debug|Any CPU.Build.0 = Debug|Any CPU
		{CCFD3459-1D2F-4805-825A-8F1E7B1E0616}.Release|Any CPU.ActiveCfg = Release|Any CPU
		{CCFD3459-1D2F-4805-825A-8F1E7B1E0616}.Release|Any CPU.Build.0 = Release|Any CPU
		{88BB197D-44DA-442D-82E7-4FDCC9A09A65}.Debug|Any CPU.ActiveCfg = Debug|Any CPU
		{88BB197D-44DA-442D-82E7-4FDCC9A09A65}.Debug|Any CPU.Build.0 = Debug|Any CPU
		{88BB197D-44DA-442D-82E7-4FDCC9A09A65}.Release|Any CPU.ActiveCfg = Release|Any CPU
		{88BB197D-44DA-442D-82E7-4FDCC9A09A65}.Release|Any CPU.Build.0 = Release|Any CPU
		{6E653770-3955-499D-A7BF-DE11B1A4D328}.Debug|Any CPU.ActiveCfg = Debug|Any CPU
		{6E653770-3955-499D-A7BF-DE11B1A4D328}.Debug|Any CPU.Build.0 = Debug|Any CPU
		{6E653770-3955-499D-A7BF-DE11B1A4D328}.Release|Any CPU.ActiveCfg = Release|Any CPU
		{6E653770-3955-499D-A7BF-DE11B1A4D328}.Release|Any CPU.Build.0 = Release|Any CPU
		{74D1F1BB-2031-4A0A-91CE-9053DE424931}.Debug|Any CPU.ActiveCfg = Debug|Any CPU
		{74D1F1BB-2031-4A0A-91CE-9053DE424931}.Debug|Any CPU.Build.0 = Debug|Any CPU
		{74D1F1BB-2031-4A0A-91CE-9053DE424931}.Release|Any CPU.ActiveCfg = Release|Any CPU
		{74D1F1BB-2031-4A0A-91CE-9053DE424931}.Release|Any CPU.Build.0 = Release|Any CPU
		{8F503AE5-F0AA-4FE1-9093-98FD301DAD56}.Debug|Any CPU.ActiveCfg = Debug|Any CPU
		{8F503AE5-F0AA-4FE1-9093-98FD301DAD56}.Debug|Any CPU.Build.0 = Debug|Any CPU
		{8F503AE5-F0AA-4FE1-9093-98FD301DAD56}.Release|Any CPU.ActiveCfg = Release|Any CPU
		{8F503AE5-F0AA-4FE1-9093-98FD301DAD56}.Release|Any CPU.Build.0 = Release|Any CPU
		{743ACE78-48F7-4901-ADF8-B8BD12D7252D}.Debug|Any CPU.ActiveCfg = Debug|Any CPU
		{743ACE78-48F7-4901-ADF8-B8BD12D7252D}.Debug|Any CPU.Build.0 = Debug|Any CPU
		{743ACE78-48F7-4901-ADF8-B8BD12D7252D}.Release|Any CPU.ActiveCfg = Release|Any CPU
		{743ACE78-48F7-4901-ADF8-B8BD12D7252D}.Release|Any CPU.Build.0 = Release|Any CPU
		{3FA75CDF-54C0-4CCE-9406-059E48EE8CE7}.Debug|Any CPU.ActiveCfg = Debug|Any CPU
		{3FA75CDF-54C0-4CCE-9406-059E48EE8CE7}.Debug|Any CPU.Build.0 = Debug|Any CPU
		{3FA75CDF-54C0-4CCE-9406-059E48EE8CE7}.Release|Any CPU.ActiveCfg = Release|Any CPU
		{3FA75CDF-54C0-4CCE-9406-059E48EE8CE7}.Release|Any CPU.Build.0 = Release|Any CPU
		{5D307C73-7A93-4DC3-8429-351EAA54EC5C}.Debug|Any CPU.ActiveCfg = Debug|Any CPU
		{5D307C73-7A93-4DC3-8429-351EAA54EC5C}.Debug|Any CPU.Build.0 = Debug|Any CPU
		{5D307C73-7A93-4DC3-8429-351EAA54EC5C}.Release|Any CPU.ActiveCfg = Release|Any CPU
		{5D307C73-7A93-4DC3-8429-351EAA54EC5C}.Release|Any CPU.Build.0 = Release|Any CPU
		{CB841EA4-D201-4EA3-9902-1492AE003E3C}.Debug|Any CPU.ActiveCfg = Debug|Any CPU
		{CB841EA4-D201-4EA3-9902-1492AE003E3C}.Debug|Any CPU.Build.0 = Debug|Any CPU
		{CB841EA4-D201-4EA3-9902-1492AE003E3C}.Release|Any CPU.ActiveCfg = Release|Any CPU
		{CB841EA4-D201-4EA3-9902-1492AE003E3C}.Release|Any CPU.Build.0 = Release|Any CPU
	EndGlobalSection
	GlobalSection(NestedProjects) = preSolution
		{55CB04C8-E03A-40ED-B781-3801C9503597} = {5ABD8C23-5DAC-41AC-8612-D29CFD899B3F}
		{CCFD3459-1D2F-4805-825A-8F1E7B1E0616} = {5ABD8C23-5DAC-41AC-8612-D29CFD899B3F}
		{88BB197D-44DA-442D-82E7-4FDCC9A09A65} = {5ABD8C23-5DAC-41AC-8612-D29CFD899B3F}
		{6E653770-3955-499D-A7BF-DE11B1A4D328} = {5ABD8C23-5DAC-41AC-8612-D29CFD899B3F}
		{74D1F1BB-2031-4A0A-91CE-9053DE424931} = {5ABD8C23-5DAC-41AC-8612-D29CFD899B3F}
		{8F503AE5-F0AA-4FE1-9093-98FD301DAD56} = {5ABD8C23-5DAC-41AC-8612-D29CFD899B3F}
		{743ACE78-48F7-4901-ADF8-B8BD12D7252D} = {5ABD8C23-5DAC-41AC-8612-D29CFD899B3F}
		{3FA75CDF-54C0-4CCE-9406-059E48EE8CE7} = {A976D4BF-CAC9-4DDD-9B50-3F8E458D5E28}
		{5D307C73-7A93-4DC3-8429-351EAA54EC5C} = {A976D4BF-CAC9-4DDD-9B50-3F8E458D5E28}
		{CB841EA4-D201-4EA3-9902-1492AE003E3C} = {10D15825-8858-471E-BBD9-1DD5B5C1AEBF}
	EndGlobalSection
EndGlobal
